
Microsoft Visual Studio Solution File, Format Version 12.00
# Visual Studio Version 16
VisualStudioVersion = 16.0.30711.63
MinimumVisualStudioVersion = 10.0.40219.1
Project("{9A19103F-16F7-4668-BE54-9A1E7A4F7556}") = "APIGateway", "APIGateway\APIGateway.csproj", "{8A4CBE9F-D004-4E61-A738-F87EB963F099}"
EndProject
Project("{2150E333-8FDC-42A3-9474-1A3956D46DE8}") = "Services", "Services", "{7324B234-A7AF-4BCD-AB6F-A2628F206830}"
EndProject
Project("{9A19103F-16F7-4668-BE54-9A1E7A4F7556}") = "Contact.API", "Services\ContactAPI\Contact.API\Contact.API.csproj", "{2CA81BE6-F63F-4A07-95AF-B2343CEEE9C8}"
EndProject
Project("{9A19103F-16F7-4668-BE54-9A1E7A4F7556}") = "Reservation.API", "Services\ResAPI\Reservation.API\Reservation.API.csproj", "{E9D968DF-437C-4FED-98CE-B87A5FBD7680}"
EndProject
Project("{2150E333-8FDC-42A3-9474-1A3956D46DE8}") = "ContactAPI", "ContactAPI", "{8F93BFF3-A26E-4BAB-9EEB-823ABB828EDD}"
EndProject
Project("{2150E333-8FDC-42A3-9474-1A3956D46DE8}") = "ReservationAPI", "ReservationAPI", "{A335DCDF-7E0E-4DDF-8A35-5715A80FF771}"
EndProject
Project("{9A19103F-16F7-4668-BE54-9A1E7A4F7556}") = "Contact.API.Infrastructure", "Services\ContactAPI\Contact.API.Infrastructure\Contact.API.Infrastructure.csproj", "{FA6B88D0-5119-44A9-B70E-EEA05B3E3420}"
EndProject
Project("{9A19103F-16F7-4668-BE54-9A1E7A4F7556}") = "Contact.API.Models", "Services\ContactAPI\Contact.API.Models\Contact.API.Models.csproj", "{714E31AC-C0AD-46AC-8855-5737A6399EC7}"
EndProject
Project("{9A19103F-16F7-4668-BE54-9A1E7A4F7556}") = "Contact.API.Services", "Services\ContactAPI\Contact.API.Services\Contact.API.Services.csproj", "{7D02F4DB-E27E-4B27-9ABB-BB8A76F37E50}"
EndProject
Project("{9A19103F-16F7-4668-BE54-9A1E7A4F7556}") = "Reservation.API.Infrastructure", "Services\ResAPI\Reservation.API.Infrastructure\Reservation.API.Infrastructure.csproj", "{2684F49B-8501-498D-BF1E-B29199F687F5}"
EndProject
Project("{9A19103F-16F7-4668-BE54-9A1E7A4F7556}") = "Reservation.API.Services", "Services\ResAPI\Reservation.API.Services\Reservation.API.Services.csproj", "{D8E173AF-4A2B-482D-8D29-32659BFC9A55}"
EndProject
Project("{9A19103F-16F7-4668-BE54-9A1E7A4F7556}") = "Reservation.API.Models", "Services\ResAPI\Reservation.API.Models\Reservation.API.Models.csproj", "{09CDD9E1-C2D5-4440-B66C-2EBC1D8D36BD}"
EndProject
Project("{2150E333-8FDC-42A3-9474-1A3956D46DE8}") = "Solution Items", "Solution Items", "{61D219B5-2BF2-410C-BFF6-38DF60C30485}"
	ProjectSection(SolutionItems) = preProject
		docker-compose.yml = docker-compose.yml
	EndProjectSection
EndProject
Global
	GlobalSection(SolutionConfigurationPlatforms) = preSolution
		Debug|Any CPU = Debug|Any CPU
		Release|Any CPU = Release|Any CPU
	EndGlobalSection
	GlobalSection(ProjectConfigurationPlatforms) = postSolution
		{8A4CBE9F-D004-4E61-A738-F87EB963F099}.Debug|Any CPU.ActiveCfg = Debug|Any CPU
		{8A4CBE9F-D004-4E61-A738-F87EB963F099}.Debug|Any CPU.Build.0 = Debug|Any CPU
		{8A4CBE9F-D004-4E61-A738-F87EB963F099}.Release|Any CPU.ActiveCfg = Release|Any CPU
		{8A4CBE9F-D004-4E61-A738-F87EB963F099}.Release|Any CPU.Build.0 = Release|Any CPU
		{2CA81BE6-F63F-4A07-95AF-B2343CEEE9C8}.Debug|Any CPU.ActiveCfg = Debug|Any CPU
		{2CA81BE6-F63F-4A07-95AF-B2343CEEE9C8}.Debug|Any CPU.Build.0 = Debug|Any CPU
		{2CA81BE6-F63F-4A07-95AF-B2343CEEE9C8}.Release|Any CPU.ActiveCfg = Release|Any CPU
		{2CA81BE6-F63F-4A07-95AF-B2343CEEE9C8}.Release|Any CPU.Build.0 = Release|Any CPU
		{E9D968DF-437C-4FED-98CE-B87A5FBD7680}.Debug|Any CPU.ActiveCfg = Debug|Any CPU
		{E9D968DF-437C-4FED-98CE-B87A5FBD7680}.Debug|Any CPU.Build.0 = Debug|Any CPU
		{E9D968DF-437C-4FED-98CE-B87A5FBD7680}.Release|Any CPU.ActiveCfg = Release|Any CPU
		{E9D968DF-437C-4FED-98CE-B87A5FBD7680}.Release|Any CPU.Build.0 = Release|Any CPU
		{FA6B88D0-5119-44A9-B70E-EEA05B3E3420}.Debug|Any CPU.ActiveCfg = Debug|Any CPU
		{FA6B88D0-5119-44A9-B70E-EEA05B3E3420}.Debug|Any CPU.Build.0 = Debug|Any CPU
		{FA6B88D0-5119-44A9-B70E-EEA05B3E3420}.Release|Any CPU.ActiveCfg = Release|Any CPU
		{FA6B88D0-5119-44A9-B70E-EEA05B3E3420}.Release|Any CPU.Build.0 = Release|Any CPU
		{714E31AC-C0AD-46AC-8855-5737A6399EC7}.Debug|Any CPU.ActiveCfg = Debug|Any CPU
		{714E31AC-C0AD-46AC-8855-5737A6399EC7}.Debug|Any CPU.Build.0 = Debug|Any CPU
		{714E31AC-C0AD-46AC-8855-5737A6399EC7}.Release|Any CPU.ActiveCfg = Release|Any CPU
		{714E31AC-C0AD-46AC-8855-5737A6399EC7}.Release|Any CPU.Build.0 = Release|Any CPU
		{7D02F4DB-E27E-4B27-9ABB-BB8A76F37E50}.Debug|Any CPU.ActiveCfg = Debug|Any CPU
		{7D02F4DB-E27E-4B27-9ABB-BB8A76F37E50}.Debug|Any CPU.Build.0 = Debug|Any CPU
		{7D02F4DB-E27E-4B27-9ABB-BB8A76F37E50}.Release|Any CPU.ActiveCfg = Release|Any CPU
		{7D02F4DB-E27E-4B27-9ABB-BB8A76F37E50}.Release|Any CPU.Build.0 = Release|Any CPU
		{2684F49B-8501-498D-BF1E-B29199F687F5}.Debug|Any CPU.ActiveCfg = Debug|Any CPU
		{2684F49B-8501-498D-BF1E-B29199F687F5}.Debug|Any CPU.Build.0 = Debug|Any CPU
		{2684F49B-8501-498D-BF1E-B29199F687F5}.Release|Any CPU.ActiveCfg = Release|Any CPU
		{2684F49B-8501-498D-BF1E-B29199F687F5}.Release|Any CPU.Build.0 = Release|Any CPU
		{D8E173AF-4A2B-482D-8D29-32659BFC9A55}.Debug|Any CPU.ActiveCfg = Debug|Any CPU
		{D8E173AF-4A2B-482D-8D29-32659BFC9A55}.Debug|Any CPU.Build.0 = Debug|Any CPU
		{D8E173AF-4A2B-482D-8D29-32659BFC9A55}.Release|Any CPU.ActiveCfg = Release|Any CPU
		{D8E173AF-4A2B-482D-8D29-32659BFC9A55}.Release|Any CPU.Build.0 = Release|Any CPU
		{09CDD9E1-C2D5-4440-B66C-2EBC1D8D36BD}.Debug|Any CPU.ActiveCfg = Debug|Any CPU
		{09CDD9E1-C2D5-4440-B66C-2EBC1D8D36BD}.Debug|Any CPU.Build.0 = Debug|Any CPU
		{09CDD9E1-C2D5-4440-B66C-2EBC1D8D36BD}.Release|Any CPU.ActiveCfg = Release|Any CPU
		{09CDD9E1-C2D5-4440-B66C-2EBC1D8D36BD}.Release|Any CPU.Build.0 = Release|Any CPU
	EndGlobalSection
	GlobalSection(SolutionProperties) = preSolution
		HideSolutionNode = FALSE
	EndGlobalSection
	GlobalSection(NestedProjects) = preSolution
		{2CA81BE6-F63F-4A07-95AF-B2343CEEE9C8} = {8F93BFF3-A26E-4BAB-9EEB-823ABB828EDD}
		{E9D968DF-437C-4FED-98CE-B87A5FBD7680} = {A335DCDF-7E0E-4DDF-8A35-5715A80FF771}
		{8F93BFF3-A26E-4BAB-9EEB-823ABB828EDD} = {7324B234-A7AF-4BCD-AB6F-A2628F206830}
		{A335DCDF-7E0E-4DDF-8A35-5715A80FF771} = {7324B234-A7AF-4BCD-AB6F-A2628F206830}
		{FA6B88D0-5119-44A9-B70E-EEA05B3E3420} = {8F93BFF3-A26E-4BAB-9EEB-823ABB828EDD}
		{714E31AC-C0AD-46AC-8855-5737A6399EC7} = {8F93BFF3-A26E-4BAB-9EEB-823ABB828EDD}
		{7D02F4DB-E27E-4B27-9ABB-BB8A76F37E50} = {8F93BFF3-A26E-4BAB-9EEB-823ABB828EDD}
		{2684F49B-8501-498D-BF1E-B29199F687F5} = {A335DCDF-7E0E-4DDF-8A35-5715A80FF771}
		{D8E173AF-4A2B-482D-8D29-32659BFC9A55} = {A335DCDF-7E0E-4DDF-8A35-5715A80FF771}
		{09CDD9E1-C2D5-4440-B66C-2EBC1D8D36BD} = {A335DCDF-7E0E-4DDF-8A35-5715A80FF771}
	EndGlobalSection
	GlobalSection(ExtensibilityGlobals) = postSolution
		SolutionGuid = {9BC656E5-FFD3-4940-81ED-32605C49980F}
	EndGlobalSection
EndGlobal
